{
  "name": "my-engine-2d",
  "version": "0.5.0",
  "lockfileVersion": 1,
  "requires": true,
  "dependencies": {
    "@esbuild/android-arm": {
      "version": "0.18.20",
      "resolved": "https://registry.npmjs.org/@esbuild/android-arm/-/android-arm-0.18.20.tgz",
      "integrity": "sha512-fyi7TDI/ijKKNZTUJAQqiG5T7YjJXgnzkURqmGj13C6dCqckZBLdl4h7bkhHt/t0WP+zO9/zwroDvANaOqO5Sw==",
      "dev": true,
      "optional": true
    },
    "@esbuild/android-arm64": {
      "version": "0.18.20",
      "resolved": "https://registry.npmjs.org/@esbuild/android-arm64/-/android-arm64-0.18.20.tgz",
      "integrity": "sha512-Nz4rJcchGDtENV0eMKUNa6L12zz2zBDXuhj/Vjh18zGqB44Bi7MBMSXjgunJgjRhCmKOjnPuZp4Mb6OKqtMHLQ==",
      "dev": true,
      "optional": true
    },
    "@esbuild/android-x64": {
      "version": "0.18.20",
      "resolved": "https://registry.npmjs.org/@esbuild/android-x64/-/android-x64-0.18.20.tgz",
      "integrity": "sha512-8GDdlePJA8D6zlZYJV/jnrRAi6rOiNaCC/JclcXpB+KIuvfBN4owLtgzY2bsxnx666XjJx2kDPUmnTtR8qKQUg==",
      "dev": true,
      "optional": true
    },
    "@esbuild/darwin-arm64": {
      "version": "0.18.20",
      "resolved": "https://registry.npmjs.org/@esbuild/darwin-arm64/-/darwin-arm64-0.18.20.tgz",
      "integrity": "sha512-bxRHW5kHU38zS2lPTPOyuyTm+S+eobPUnTNkdJEfAddYgEcll4xkT8DB9d2008DtTbl7uJag2HuE5NZAZgnNEA==",
      "dev": true,
      "optional": true
    },
    "@esbuild/darwin-x64": {
      "version": "0.18.20",
      "resolved": "https://registry.npmjs.org/@esbuild/darwin-x64/-/darwin-x64-0.18.20.tgz",
      "integrity": "sha512-pc5gxlMDxzm513qPGbCbDukOdsGtKhfxD1zJKXjCCcU7ju50O7MeAZ8c4krSJcOIJGFR+qx21yMMVYwiQvyTyQ==",
      "dev": true,
      "optional": true
    },
    "@esbuild/freebsd-arm64": {
      "version": "0.18.20",
      "resolved": "https://registry.npmjs.org/@esbuild/freebsd-arm64/-/freebsd-arm64-0.18.20.tgz",
      "integrity": "sha512-yqDQHy4QHevpMAaxhhIwYPMv1NECwOvIpGCZkECn8w2WFHXjEwrBn3CeNIYsibZ/iZEUemj++M26W3cNR5h+Tw==",
      "dev": true,
      "optional": true
    },
    "@esbuild/freebsd-x64": {
      "version": "0.18.20",
      "resolved": "https://registry.npmjs.org/@esbuild/freebsd-x64/-/freebsd-x64-0.18.20.tgz",
      "integrity": "sha512-tgWRPPuQsd3RmBZwarGVHZQvtzfEBOreNuxEMKFcd5DaDn2PbBxfwLcj4+aenoh7ctXcbXmOQIn8HI6mCSw5MQ==",
      "dev": true,
      "optional": true
    },
    "@esbuild/linux-arm": {
      "version": "0.18.20",
      "resolved": "https://registry.npmjs.org/@esbuild/linux-arm/-/linux-arm-0.18.20.tgz",
      "integrity": "sha512-/5bHkMWnq1EgKr1V+Ybz3s1hWXok7mDFUMQ4cG10AfW3wL02PSZi5kFpYKrptDsgb2WAJIvRcDm+qIvXf/apvg==",
      "dev": true,
      "optional": true
    },
    "@esbuild/linux-arm64": {
      "version": "0.18.20",
      "resolved": "https://registry.npmjs.org/@esbuild/linux-arm64/-/linux-arm64-0.18.20.tgz",
      "integrity": "sha512-2YbscF+UL7SQAVIpnWvYwM+3LskyDmPhe31pE7/aoTMFKKzIc9lLbyGUpmmb8a8AixOL61sQ/mFh3jEjHYFvdA==",
      "dev": true,
      "optional": true
    },
    "@esbuild/linux-ia32": {
      "version": "0.18.20",
      "resolved": "https://registry.npmjs.org/@esbuild/linux-ia32/-/linux-ia32-0.18.20.tgz",
      "integrity": "sha512-P4etWwq6IsReT0E1KHU40bOnzMHoH73aXp96Fs8TIT6z9Hu8G6+0SHSw9i2isWrD2nbx2qo5yUqACgdfVGx7TA==",
      "dev": true,
      "optional": true
    },
    "@esbuild/linux-loong64": {
      "version": "0.18.20",
      "resolved": "https://registry.npmjs.org/@esbuild/linux-loong64/-/linux-loong64-0.18.20.tgz",
      "integrity": "sha512-nXW8nqBTrOpDLPgPY9uV+/1DjxoQ7DoB2N8eocyq8I9XuqJ7BiAMDMf9n1xZM9TgW0J8zrquIb/A7s3BJv7rjg==",
      "dev": true,
      "optional": true
    },
    "@esbuild/linux-mips64el": {
      "version": "0.18.20",
      "resolved": "https://registry.npmjs.org/@esbuild/linux-mips64el/-/linux-mips64el-0.18.20.tgz",
      "integrity": "sha512-d5NeaXZcHp8PzYy5VnXV3VSd2D328Zb+9dEq5HE6bw6+N86JVPExrA6O68OPwobntbNJ0pzCpUFZTo3w0GyetQ==",
      "dev": true,
      "optional": true
    },
    "@esbuild/linux-ppc64": {
      "version": "0.18.20",
      "resolved": "https://registry.npmjs.org/@esbuild/linux-ppc64/-/linux-ppc64-0.18.20.tgz",
      "integrity": "sha512-WHPyeScRNcmANnLQkq6AfyXRFr5D6N2sKgkFo2FqguP44Nw2eyDlbTdZwd9GYk98DZG9QItIiTlFLHJHjxP3FA==",
      "dev": true,
      "optional": true
    },
    "@esbuild/linux-riscv64": {
      "version": "0.18.20",
      "resolved": "https://registry.npmjs.org/@esbuild/linux-riscv64/-/linux-riscv64-0.18.20.tgz",
      "integrity": "sha512-WSxo6h5ecI5XH34KC7w5veNnKkju3zBRLEQNY7mv5mtBmrP/MjNBCAlsM2u5hDBlS3NGcTQpoBvRzqBcRtpq1A==",
      "dev": true,
      "optional": true
    },
    "@esbuild/linux-s390x": {
      "version": "0.18.20",
      "resolved": "https://registry.npmjs.org/@esbuild/linux-s390x/-/linux-s390x-0.18.20.tgz",
      "integrity": "sha512-+8231GMs3mAEth6Ja1iK0a1sQ3ohfcpzpRLH8uuc5/KVDFneH6jtAJLFGafpzpMRO6DzJ6AvXKze9LfFMrIHVQ==",
      "dev": true,
      "optional": true
    },
    "@esbuild/linux-x64": {
      "version": "0.18.20",
      "resolved": "https://registry.npmjs.org/@esbuild/linux-x64/-/linux-x64-0.18.20.tgz",
      "integrity": "sha512-UYqiqemphJcNsFEskc73jQ7B9jgwjWrSayxawS6UVFZGWrAAtkzjxSqnoclCXxWtfwLdzU+vTpcNYhpn43uP1w==",
      "dev": true,
      "optional": true
    },
    "@esbuild/netbsd-x64": {
      "version": "0.18.20",
      "resolved": "https://registry.npmjs.org/@esbuild/netbsd-x64/-/netbsd-x64-0.18.20.tgz",
      "integrity": "sha512-iO1c++VP6xUBUmltHZoMtCUdPlnPGdBom6IrO4gyKPFFVBKioIImVooR5I83nTew5UOYrk3gIJhbZh8X44y06A==",
      "dev": true,
      "optional": true
    },
    "@esbuild/openbsd-x64": {
      "version": "0.18.20",
      "resolved": "https://registry.npmjs.org/@esbuild/openbsd-x64/-/openbsd-x64-0.18.20.tgz",
      "integrity": "sha512-e5e4YSsuQfX4cxcygw/UCPIEP6wbIL+se3sxPdCiMbFLBWu0eiZOJ7WoD+ptCLrmjZBK1Wk7I6D/I3NglUGOxg==",
      "dev": true,
      "optional": true
    },
    "@esbuild/sunos-x64": {
      "version": "0.18.20",
      "resolved": "https://registry.npmjs.org/@esbuild/sunos-x64/-/sunos-x64-0.18.20.tgz",
      "integrity": "sha512-kDbFRFp0YpTQVVrqUd5FTYmWo45zGaXe0X8E1G/LKFC0v8x0vWrhOWSLITcCn63lmZIxfOMXtCfti/RxN/0wnQ==",
      "dev": true,
      "optional": true
    },
    "@esbuild/win32-arm64": {
      "version": "0.18.20",
      "resolved": "https://registry.npmjs.org/@esbuild/win32-arm64/-/win32-arm64-0.18.20.tgz",
      "integrity": "sha512-ddYFR6ItYgoaq4v4JmQQaAI5s7npztfV4Ag6NrhiaW0RrnOXqBkgwZLofVTlq1daVTQNhtI5oieTvkRPfZrePg==",
      "dev": true,
      "optional": true
    },
    "@esbuild/win32-ia32": {
      "version": "0.18.20",
      "resolved": "https://registry.npmjs.org/@esbuild/win32-ia32/-/win32-ia32-0.18.20.tgz",
      "integrity": "sha512-Wv7QBi3ID/rROT08SABTS7eV4hX26sVduqDOTe1MvGMjNd3EjOz4b7zeexIR62GTIEKrfJXKL9LFxTYgkyeu7g==",
      "dev": true,
      "optional": true
    },
    "@esbuild/win32-x64": {
      "version": "0.18.20",
      "resolved": "https://registry.npmjs.org/@esbuild/win32-x64/-/win32-x64-0.18.20.tgz",
      "integrity": "sha512-kTdfRcSiDfQca/y9QIkng02avJ+NCaQvrMejlsB3RRv5sE9rRoeBPISaZpKxHELzRxZyLvNts1P27W3wV+8geQ==",
      "dev": true,
      "optional": true
    },
    "@pixi/accessibility": {
      "version": "7.3.1",
      "resolved": "https://registry.npmjs.org/@pixi/accessibility/-/accessibility-7.3.1.tgz",
      "integrity": "sha512-7+XqUbVIRKvZQOuzQkt5vGpaDIBMorK5Sa+y9exu7nYDPCYlPdVoQeiQL7v2PtUxqkrgn28faNn8OqY8MhcqrQ=="
    },
    "@pixi/app": {
      "version": "7.3.1",
      "resolved": "https://registry.npmjs.org/@pixi/app/-/app-7.3.1.tgz",
      "integrity": "sha512-pQG/IIgsQLXmB/Y+qeS6g/VBF824XiCKtypgYVtdg+hwKdVN4aVhayBtvFBmxz+abRBXUdHSUhBG80haPXEtCQ=="
    },
    "@pixi/assets": {
      "version": "7.3.1",
      "resolved": "https://registry.npmjs.org/@pixi/assets/-/assets-7.3.1.tgz",
      "integrity": "sha512-BACPZkm5ptkqXpdHvV0tdAzsVR9t9iQROa5K4OOGkyHUZhLFcoSPFu3Vfa77rzgo3xtTK+HTw3qABibr3RBcVw==",
      "requires": {
        "@types/css-font-loading-module": "^0.0.7"
      }
    },
    "@pixi/color": {
      "version": "7.3.1",
      "resolved": "https://registry.npmjs.org/@pixi/color/-/color-7.3.1.tgz",
      "integrity": "sha512-qxDy9iEUbhR+n5zDBUUeWx9aReaELpjjP0BVneHNQxLELpx3sVxCHBXjnKe5ZTGtZsJOkD5ji7gDBfwFlUurBw==",
      "requires": {
        "@pixi/colord": "^2.9.4"
      }
    },
    "@pixi/colord": {
      "version": "2.9.6",
      "resolved": "https://registry.npmjs.org/@pixi/colord/-/colord-2.9.6.tgz",
      "integrity": "sha512-nezytU2pw587fQstUu1AsJZDVEynjskwOL+kibwcdxsMBFqPsFFNA7xl0ii/gXuDi6M0xj3mfRJj8pBSc2jCfA=="
    },
    "@pixi/compressed-textures": {
      "version": "7.3.1",
      "resolved": "https://registry.npmjs.org/@pixi/compressed-textures/-/compressed-textures-7.3.1.tgz",
      "integrity": "sha512-1zH6vDR1+xnYaaDpno8zGkTNT/itP9J8d+dfFcKPUmzeqpm8batPkY5O7NtJ8SrQSN0UwJb+X7gFwK8LwVgKWQ=="
    },
    "@pixi/constants": {
      "version": "7.3.1",
      "resolved": "https://registry.npmjs.org/@pixi/constants/-/constants-7.3.1.tgz",
      "integrity": "sha512-Xq8tyUcVwpkPge9XGMZl9gzzNdNuKmjmxulJ9jNk9Zbf2QPVunn21WWZYBl4TO0mleUhT8wNnbXXn5CAbMgwFA=="
    },
    "@pixi/core": {
      "version": "7.3.1",
      "resolved": "https://registry.npmjs.org/@pixi/core/-/core-7.3.1.tgz",
      "integrity": "sha512-LEASg6x2wp46y2WmN227K8X3vQKU0KxflrYGgj/o573OYSpEJkmY0WMoEInTUXmhCVLOHPcnBde5YDu0JmKsjQ==",
      "requires": {
        "@pixi/color": "7.3.1",
        "@pixi/constants": "7.3.1",
        "@pixi/extensions": "7.3.1",
        "@pixi/math": "7.3.1",
        "@pixi/runner": "7.3.1",
        "@pixi/settings": "7.3.1",
        "@pixi/ticker": "7.3.1",
        "@pixi/utils": "7.3.1",
        "@types/offscreencanvas": "^2019.6.4"
      }
    },
    "@pixi/display": {
      "version": "7.3.1",
      "resolved": "https://registry.npmjs.org/@pixi/display/-/display-7.3.1.tgz",
      "integrity": "sha512-FzVsEuR9mmi8G+3HytrnKpcO9By04gJhNrYnMY6pLWwXE6MzuEtC7QYobtN1UIUp4Zs73O6lmdZtWOYqrdjgGw=="
    },
    "@pixi/events": {
      "version": "7.3.1",
      "resolved": "https://registry.npmjs.org/@pixi/events/-/events-7.3.1.tgz",
      "integrity": "sha512-L6MSeFnLo3z/pQMCLGbwp5szp1+26YoZ50De2pT6hMuPGtMtio89IkFU07G1jNuiGhJsPMw4Zn9H71KiZp+X1A=="
    },
    "@pixi/extensions": {
      "version": "7.3.1",
      "resolved": "https://registry.npmjs.org/@pixi/extensions/-/extensions-7.3.1.tgz",
      "integrity": "sha512-KiM1uXnNQ6yjJ/8gYuqBVZxw1CPH0LRoUvnOWXrHXm74somNtJdxnEliq3zagGpyxjmiHHJmI0Y9gnXrhzVU4Q=="
    },
    "@pixi/extract": {
      "version": "7.3.1",
      "resolved": "https://registry.npmjs.org/@pixi/extract/-/extract-7.3.1.tgz",
      "integrity": "sha512-kuB2gi5JHdBK0WOvvbKZiVQkQFqRZehJlDbZaiaWcgb9G9B/8M/V+fodXS/WsmTNxOegN98igkSTpD2k1dYPnA=="
    },
    "@pixi/filter-alpha": {
      "version": "7.3.1",
      "resolved": "https://registry.npmjs.org/@pixi/filter-alpha/-/filter-alpha-7.3.1.tgz",
      "integrity": "sha512-6vTUFnqLuPGFgG5/ODuNcmZNmsykWo/sMR4jBekeINGoVHs3Min0nQE4t/zk2xtg7UA1reI8SQzcVhBqp8g7GQ=="
    },
    "@pixi/filter-blur": {
      "version": "7.3.1",
      "resolved": "https://registry.npmjs.org/@pixi/filter-blur/-/filter-blur-7.3.1.tgz",
      "integrity": "sha512-aRK7CfKh/tnCbXS3um9LKjiQ1TOsFTPfI+OOOxcaQyZK9qs4GinnhZ2HCoq5OAcMnjMAWhvi60ssKJsP8505zw=="
    },
    "@pixi/filter-color-matrix": {
      "version": "7.3.1",
      "resolved": "https://registry.npmjs.org/@pixi/filter-color-matrix/-/filter-color-matrix-7.3.1.tgz",
      "integrity": "sha512-XcVyWbk91QbTpzyIV/+nQlJxsgU3QO/rOTlota18aHB4EF8ptYyVeRgIv1YXi+UxcWRE/MpWbeUVLaJG9buELA=="
    },
    "@pixi/filter-displacement": {
      "version": "7.3.1",
      "resolved": "https://registry.npmjs.org/@pixi/filter-displacement/-/filter-displacement-7.3.1.tgz",
      "integrity": "sha512-XrjBJcWvNxy/LlNZU6vLghUzG9kqMAM6xAIOzFm7CPwr+3Av32fyBp2l6FUYgoZMgb+4+Rxv8mPnUyX4gFMqLw=="
    },
    "@pixi/filter-fxaa": {
      "version": "7.3.1",
      "resolved": "https://registry.npmjs.org/@pixi/filter-fxaa/-/filter-fxaa-7.3.1.tgz",
      "integrity": "sha512-ZL3kjIkMm29+G8AOuxDDo2VrqeJEBw6zloDDerUq71NRsyIUWJEdscdiVUDytL1/JqZwxdHEvzDNG6IF3P1VFg=="
    },
    "@pixi/filter-noise": {
      "version": "7.3.1",
      "resolved": "https://registry.npmjs.org/@pixi/filter-noise/-/filter-noise-7.3.1.tgz",
      "integrity": "sha512-eORqa7Rn3OxZlrrF4J59VPHHgiHe+cukPQ2Wp24Q0XuYoBZrnPow5SDDwtwIfCXQg68LPdiSpKdwkLJxsew8aw=="
    },
    "@pixi/graphics": {
      "version": "7.3.1",
      "resolved": "https://registry.npmjs.org/@pixi/graphics/-/graphics-7.3.1.tgz",
      "integrity": "sha512-e1GfhN0fCtq1VDPSgd7nm034ml79SqmP0+IqX3CoilfT7Qoy+IimEYZ4R50SczGBcUGE4egDRIFYv+TgdBuQ2g=="
    },
    "@pixi/math": {
      "version": "7.3.1",
      "resolved": "https://registry.npmjs.org/@pixi/math/-/math-7.3.1.tgz",
      "integrity": "sha512-kRTpac/3frRPMf8YRai3+2bFldgE7SwzGsLYjb4//QdeuY0WVaeSPJJKEVXZ/aBK/JgGO7Np75kwr7/2+qegSg=="
    },
    "@pixi/mesh": {
      "version": "7.3.1",
      "resolved": "https://registry.npmjs.org/@pixi/mesh/-/mesh-7.3.1.tgz",
      "integrity": "sha512-22b2++/UWURee2R++1PaY/zTh4UaN/ASg4DHcELI9OgM5qrxfnk3MrpdWTNyJPYWUTLlP8XYPGiwIbVPiiUNmA=="
    },
    "@pixi/mesh-extras": {
      "version": "7.3.1",
      "resolved": "https://registry.npmjs.org/@pixi/mesh-extras/-/mesh-extras-7.3.1.tgz",
      "integrity": "sha512-xmK6c/cM5iDFqrg7NEjSH9i4Ieqsy9A9MWAFoIoPTph6HhCTZWNnRn6sdgLR9+6z5b8AmXujwarMBqdM7fXtvQ=="
    },
    "@pixi/mixin-cache-as-bitmap": {
      "version": "7.3.1",
      "resolved": "https://registry.npmjs.org/@pixi/mixin-cache-as-bitmap/-/mixin-cache-as-bitmap-7.3.1.tgz",
      "integrity": "sha512-4GNr8qq0ZFqSVnIsfqlNI5cnCz1qL9kLhq+/SRf3JmPcwYolnS015HP5zhnG2nKU6pgeCz5KpQfxOYPytOlcKw=="
    },
    "@pixi/mixin-get-child-by-name": {
      "version": "7.3.1",
      "resolved": "https://registry.npmjs.org/@pixi/mixin-get-child-by-name/-/mixin-get-child-by-name-7.3.1.tgz",
      "integrity": "sha512-+2tArxvfjmbWW+/8sfn+qCtNy2kUCa1xPhyGjfgLwPBAOAghpmIXWa5YXXVVdUgE2+qw3aL5OyR2n/DL1Y5/6A=="
    },
    "@pixi/mixin-get-global-position": {
      "version": "7.3.1",
      "resolved": "https://registry.npmjs.org/@pixi/mixin-get-global-position/-/mixin-get-global-position-7.3.1.tgz",
      "integrity": "sha512-WcPxxj73u/c2AXaCd8umi9xipMllOg3Cl3LJ08Dx/EA0Ce1TNg6aTr+Apu696IZ5BiXcyyelSMaPnxu6cSdCcg=="
    },
    "@pixi/particle-container": {
      "version": "7.3.1",
      "resolved": "https://registry.npmjs.org/@pixi/particle-container/-/particle-container-7.3.1.tgz",
      "integrity": "sha512-NNJph+0eZwqdrPTaxOTv7KhVjvBRi5Edrduv8orDKYcF47gOvlCzzQbKR1hvXDMkzWou18eQwO/OH/NIgQBgFA=="
    },
    "@pixi/particle-emitter": {
      "version": "5.0.8",
      "resolved": "https://registry.npmjs.org/@pixi/particle-emitter/-/particle-emitter-5.0.8.tgz",
      "integrity": "sha512-OzuZ4+esQo+zJ0u3htuNHHMAE8Ixmr3nz3tEfrTGZHje1vnGyie3ANQj9F0V4OM47oi9jd70njVCmeb7bTkS9A=="
    },
    "@pixi/prepare": {
      "version": "7.3.1",
      "resolved": "https://registry.npmjs.org/@pixi/prepare/-/prepare-7.3.1.tgz",
      "integrity": "sha512-8dCgtUWcOotD+Y649luzOUiReoSwc2WbT1DQcq9w47BvnbDrBzZQ5KxsIUqHXW70IcT+hShqHxt6KZavCHqdMQ=="
    },
    "@pixi/runner": {
      "version": "7.3.1",
      "resolved": "https://registry.npmjs.org/@pixi/runner/-/runner-7.3.1.tgz",
      "integrity": "sha512-N0mQCSwX9jmG63ALy85b0fLXXFu8XS9jUnzhz7T6cA3gGtAtVHBhc5Vh5ZJfFB/FhCQmeTg48PEL6t2Ea3Ogjg=="
    },
    "@pixi/settings": {
      "version": "7.3.1",
      "resolved": "https://registry.npmjs.org/@pixi/settings/-/settings-7.3.1.tgz",
      "integrity": "sha512-bC2MdSW7Jg1vT4tUy0zvlottuylGhsHfuy22ZEvQHiwk9dy0y8gC7H98my8bMjnUQNWFpfamhmVGxoMM/K95FQ==",
      "requires": {
        "@pixi/constants": "7.3.1",
        "@types/css-font-loading-module": "^0.0.7",
        "ismobilejs": "^1.1.0"
      }
    },
    "@pixi/sound": {
      "version": "5.2.1"
    },
    "@pixi/sprite": {
      "version": "7.3.1",
      "resolved": "https://registry.npmjs.org/@pixi/sprite/-/sprite-7.3.1.tgz",
      "integrity": "sha512-hSyrzcrNpGiDwc5BVnCfCMkA2Ikx+RBIXyi/Q9K6L0I2gZR8iHUWiQUJKC4jnhDVvvVcQADqiAyIBslXYQLLDw=="
    },
    "@pixi/sprite-animated": {
      "version": "7.3.1",
      "resolved": "https://registry.npmjs.org/@pixi/sprite-animated/-/sprite-animated-7.3.1.tgz",
      "integrity": "sha512-adAs9ZRss6ioaGqmSYvjR2b+rfaC+hPwqNGyA1TwqKmgxS5c5pSPMWgiNYRRKPS7qss5T0KOWjfcHxdBHM62mg=="
    },
    "@pixi/sprite-tiling": {
      "version": "7.3.1",
      "resolved": "https://registry.npmjs.org/@pixi/sprite-tiling/-/sprite-tiling-7.3.1.tgz",
      "integrity": "sha512-/A739b3TNncoAOqrJcy8wKa2O/aa17luAvMUrYOO3ZLsj0lqIj3lMCjNqlBsfftctAwQlmc6dM8radyeyzIsNQ=="
    },
    "@pixi/spritesheet": {
      "version": "7.3.1",
      "resolved": "https://registry.npmjs.org/@pixi/spritesheet/-/spritesheet-7.3.1.tgz",
      "integrity": "sha512-wsCTmUnQSUp+BMrDcGERzvqdoRImNqUNXV2mj+HZyfN2ZN/kyqCxwdWhq2TrbZiAOW6PsASn8516Cei7ECJp7w=="
    },
    "@pixi/text": {
      "version": "7.3.1",
      "resolved": "https://registry.npmjs.org/@pixi/text/-/text-7.3.1.tgz",
      "integrity": "sha512-73KB83+fZSww2LXXofJHLgOuNwk/8h0hir5shL8vdae8bgupv4VAw9wOG15WeSZdXoa7fU1owWyDM3RWLTmv+Q=="
    },
    "@pixi/text-bitmap": {
      "version": "7.3.1",
      "resolved": "https://registry.npmjs.org/@pixi/text-bitmap/-/text-bitmap-7.3.1.tgz",
      "integrity": "sha512-sc/eoV/OOJh81/GKqIXfuUexQ0EbP2ggPvGQghaC/VyUbOAwlSMUmNmXlY68KzPX9JasIDCFyv07Utnkmona7g=="
    },
    "@pixi/text-html": {
      "version": "7.3.1",
      "resolved": "https://registry.npmjs.org/@pixi/text-html/-/text-html-7.3.1.tgz",
      "integrity": "sha512-Yo96c/fM7eSUdovZInTl/LkI44y2s2vfdkpnPjHU6ohIFJ4cAf4ok2CjBpAMExvJG8f4lvTkDRqECuRUD0DUnA=="
    },
    "@pixi/ticker": {
      "version": "7.3.1",
      "resolved": "https://registry.npmjs.org/@pixi/ticker/-/ticker-7.3.1.tgz",
      "integrity": "sha512-S4ur5MQgVM0yTeJVALbRA3WkX/df/6DG6XXVoR9JaFOQ3zgXhh05O+0NFFebj4b3Ls3/y5aG6aOkkoBl1AXrCw==",
      "requires": {
        "@pixi/extensions": "7.3.1",
        "@pixi/settings": "7.3.1",
        "@pixi/utils": "7.3.1"
      }
    },
    "@pixi/utils": {
      "version": "7.3.1",
      "resolved": "https://registry.npmjs.org/@pixi/utils/-/utils-7.3.1.tgz",
      "integrity": "sha512-VSWebpMwOfoVuzjd0XlntmQK0RXP1UuRx1jyRuq0m/9VNnnNsZMXpmi47Adb7N1RFmlQ2FFxDxLzxmCzm9ZfTA==",
      "requires": {
        "@pixi/color": "7.3.1",
        "@pixi/constants": "7.3.1",
        "@pixi/settings": "7.3.1",
        "@types/earcut": "^2.1.0",
        "earcut": "^2.2.4",
        "eventemitter3": "^4.0.0",
        "url": "^0.11.0"
      }
    },
    "@types/css-font-loading-module": {
      "version": "0.0.7",
      "resolved": "https://registry.npmjs.org/@types/css-font-loading-module/-/css-font-loading-module-0.0.7.tgz",
      "integrity": "sha512-nl09VhutdjINdWyXxHWN/w9zlNCfr60JUqJbd24YXUuCwgeL0TpFSdElCwb6cxfB6ybE19Gjj4g0jsgkXxKv1Q=="
    },
    "@types/earcut": {
      "version": "2.1.3",
      "resolved": "https://registry.npmjs.org/@types/earcut/-/earcut-2.1.3.tgz",
      "integrity": "sha512-pskpibEbm73+7nA9RqxGEnAiALRO92DdoSVxasyjGrqzEndaSDjFG73GCtstMzhdOowZMItVw2fhTdxVrY221w=="
    },
    "@types/greensock": {
      "version": "1.15.32",
      "dev": true
    },
    "@types/matter-js": {
      "version": "0.19.1",
      "dev": true
    },
    "@types/offscreencanvas": {
      "version": "2019.7.2",
      "resolved": "https://registry.npmjs.org/@types/offscreencanvas/-/offscreencanvas-2019.7.2.tgz",
      "integrity": "sha512-ujCjOxeA07IbEBQYAkoOI+XFw5sT3nhWJ/xZfPR6reJppDG7iPQPZacQiLTtWH1b3a2NYXWlxvYqa40y/LAixQ=="
    },
    "call-bind": {
      "version": "1.0.5",
      "resolved": "https://registry.npmjs.org/call-bind/-/call-bind-1.0.5.tgz",
      "integrity": "sha512-C3nQxfFZxFRVoJoGKKI8y3MOEo129NQ+FgQ08iye+Mk4zNZZGdjfs06bVTr+DBSlA66Q2VEcMki/cUCP4SercQ==",
      "requires": {
        "function-bind": "^1.1.2",
        "get-intrinsic": "^1.2.1",
        "set-function-length": "^1.1.1"
      }
    },
    "define-data-property": {
      "version": "1.1.1",
      "resolved": "https://registry.npmjs.org/define-data-property/-/define-data-property-1.1.1.tgz",
      "integrity": "sha512-E7uGkTzkk1d0ByLeSc6ZsFS79Axg+m1P/VsgYsxHgiuc3tFSj+MjMIwe90FC4lOAZzNBdY7kkO2P2wKdsQ1vgQ==",
      "requires": {
        "get-intrinsic": "^1.2.1",
        "gopd": "^1.0.1",
        "has-property-descriptors": "^1.0.0"
      }
    },
    "earcut": {
      "version": "2.2.4",
      "resolved": "https://registry.npmjs.org/earcut/-/earcut-2.2.4.tgz",
      "integrity": "sha512-/pjZsA1b4RPHbeWZQn66SWS8nZZWLQQ23oE3Eam7aroEFGEvwKAsJfZ9ytiEMycfzXWpca4FA9QIOehf7PocBQ=="
    },
    "esbuild": {
      "version": "0.18.20",
      "resolved": "https://registry.npmjs.org/esbuild/-/esbuild-0.18.20.tgz",
      "integrity": "sha512-ceqxoedUrcayh7Y7ZX6NdbbDzGROiyVBgC4PriJThBKSVPWnnFHZAkfI1lJT8QFkOwH4qOS2SJkS4wvpGl8BpA==",
      "dev": true,
      "requires": {
        "@esbuild/android-arm": "0.18.20",
        "@esbuild/android-arm64": "0.18.20",
        "@esbuild/android-x64": "0.18.20",
        "@esbuild/darwin-arm64": "0.18.20",
        "@esbuild/darwin-x64": "0.18.20",
        "@esbuild/freebsd-arm64": "0.18.20",
        "@esbuild/freebsd-x64": "0.18.20",
        "@esbuild/linux-arm": "0.18.20",
        "@esbuild/linux-arm64": "0.18.20",
        "@esbuild/linux-ia32": "0.18.20",
        "@esbuild/linux-loong64": "0.18.20",
        "@esbuild/linux-mips64el": "0.18.20",
        "@esbuild/linux-ppc64": "0.18.20",
        "@esbuild/linux-riscv64": "0.18.20",
        "@esbuild/linux-s390x": "0.18.20",
        "@esbuild/linux-x64": "0.18.20",
        "@esbuild/netbsd-x64": "0.18.20",
        "@esbuild/openbsd-x64": "0.18.20",
        "@esbuild/sunos-x64": "0.18.20",
        "@esbuild/win32-arm64": "0.18.20",
        "@esbuild/win32-ia32": "0.18.20",
        "@esbuild/win32-x64": "0.18.20"
      }
    },
    "eventemitter3": {
      "version": "4.0.7",
      "resolved": "https://registry.npmjs.org/eventemitter3/-/eventemitter3-4.0.7.tgz",
      "integrity": "sha512-8guHBZCwKnFhYdHr2ysuRWErTwhoN2X8XELRlrRwpmfeY2jjuUN4taQMsULKUVo1K4DvZl+0pgfyoysHxvmvEw=="
    },
    "fsevents": {
      "version": "2.3.3",
      "resolved": "https://registry.npmjs.org/fsevents/-/fsevents-2.3.3.tgz",
      "integrity": "sha512-5xoDfX+fL7faATnagmWPpbFtwh/R77WmMMqqHGS65C3vvB0YHrgF+B1YmZ3441tMj5n63k0212XNoJwzlhffQw==",
      "dev": true,
      "optional": true
    },
    "function-bind": {
      "version": "1.1.2",
      "resolved": "https://registry.npmjs.org/function-bind/-/function-bind-1.1.2.tgz",
      "integrity": "sha512-7XHNxH7qX9xG5mIwxkhumTox/MIRNcOgDrxWsMt2pAr23WHp6MrRlN7FBSFpCpr+oVO0F744iUgR82nJMfG2SA=="
    },
    "get-intrinsic": {
      "version": "1.2.2",
      "resolved": "https://registry.npmjs.org/get-intrinsic/-/get-intrinsic-1.2.2.tgz",
      "integrity": "sha512-0gSo4ml/0j98Y3lngkFEot/zhiCeWsbYIlZ+uZOVgzLyLaUw7wxUL+nCTP0XJvJg1AXulJRI3UJi8GsbDuxdGA==",
      "requires": {
        "function-bind": "^1.1.2",
        "has-proto": "^1.0.1",
        "has-symbols": "^1.0.3",
        "hasown": "^2.0.0"
      }
    },
    "gopd": {
      "version": "1.0.1",
      "resolved": "https://registry.npmjs.org/gopd/-/gopd-1.0.1.tgz",
      "integrity": "sha512-d65bNlIadxvpb/A2abVdlqKqV563juRnZ1Wtk6s1sIR8uNsXR70xqIzVqxVf1eTqDunwT2MkczEeaezCKTZhwA==",
      "requires": {
        "get-intrinsic": "^1.1.3"
      }
    },
    "gsap": {
      "version": "3.12.2"
    },
    "has-property-descriptors": {
      "version": "1.0.1",
      "resolved": "https://registry.npmjs.org/has-property-descriptors/-/has-property-descriptors-1.0.1.tgz",
      "integrity": "sha512-VsX8eaIewvas0xnvinAe9bw4WfIeODpGYikiWYLH+dma0Jw6KHYqWiWfhQlgOVK8D6PvjubK5Uc4P0iIhIcNVg==",
      "requires": {
        "get-intrinsic": "^1.2.2"
      }
    },
    "has-proto": {
      "version": "1.0.1",
      "resolved": "https://registry.npmjs.org/has-proto/-/has-proto-1.0.1.tgz",
      "integrity": "sha512-7qE+iP+O+bgF9clE5+UoBFzE65mlBiVj3tKCrlNQ0Ogwm0BjpT/gK4SlLYDMybDh5I3TCTKnPPa0oMG7JDYrhg=="
    },
    "has-symbols": {
      "version": "1.0.3",
      "resolved": "https://registry.npmjs.org/has-symbols/-/has-symbols-1.0.3.tgz",
      "integrity": "sha512-l3LCuF6MgDNwTDKkdYGEihYjt5pRPbEg46rtlmnSPlUbgmB8LOIrKJbYYFBSbnPaJexMKtiPO8hmeRjRz2Td+A=="
    },
    "hasown": {
      "version": "2.0.0",
      "resolved": "https://registry.npmjs.org/hasown/-/hasown-2.0.0.tgz",
      "integrity": "sha512-vUptKVTpIJhcczKBbgnS+RtcuYMB8+oNzPK2/Hp3hanz8JmpATdmmgLgSaadVREkDm+e2giHwY3ZRkyjSIDDFA==",
      "requires": {
        "function-bind": "^1.1.2"
      }
    },
    "ismobilejs": {
      "version": "1.1.1",
      "resolved": "https://registry.npmjs.org/ismobilejs/-/ismobilejs-1.1.1.tgz",
      "integrity": "sha512-VaFW53yt8QO61k2WJui0dHf4SlL8lxBofUuUmwBo0ljPk0Drz2TiuDW4jo3wDcv41qy/SxrJ+VAzJ/qYqsmzRw=="
    },
    "matter-js": {
      "version": "0.19.0"
    },
    "nanoid": {
      "version": "3.3.6",
      "resolved": "https://registry.npmjs.org/nanoid/-/nanoid-3.3.6.tgz",
      "integrity": "sha512-BGcqMMJuToF7i1rt+2PWSNVnWIkGCU78jBG3RxO/bZlnZPK2Cmi2QaffxGO/2RvWi9sL+FAiRiXMgsyxQ1DIDA==",
      "dev": true
    },
    "object-inspect": {
      "version": "1.13.1",
      "resolved": "https://registry.npmjs.org/object-inspect/-/object-inspect-1.13.1.tgz",
      "integrity": "sha512-5qoj1RUiKOMsCCNLV1CBiPYE10sziTsnmNxkAI/rZhiD63CF7IqdFGC/XzjWjpSgLf0LxXX3bDFIh0E18f6UhQ=="
    },
    "picocolors": {
      "version": "1.0.0",
      "resolved": "https://registry.npmjs.org/picocolors/-/picocolors-1.0.0.tgz",
      "integrity": "sha512-1fygroTLlHu66zi26VoTDv8yRgm0Fccecssto+MhsZ0D/DGW2sm8E8AjW7NU5VVTRt5GxbeZ5qBuJr+HyLYkjQ==",
      "dev": true
    },
    "pixi.js": {
      "version": "7.3.1",
      "requires": {
        "@pixi/accessibility": "7.3.1",
        "@pixi/app": "7.3.1",
        "@pixi/assets": "7.3.1",
        "@pixi/compressed-textures": "7.3.1",
        "@pixi/core": "7.3.1",
        "@pixi/display": "7.3.1",
        "@pixi/events": "7.3.1",
        "@pixi/extensions": "7.3.1",
        "@pixi/extract": "7.3.1",
        "@pixi/filter-alpha": "7.3.1",
        "@pixi/filter-blur": "7.3.1",
        "@pixi/filter-color-matrix": "7.3.1",
        "@pixi/filter-displacement": "7.3.1",
        "@pixi/filter-fxaa": "7.3.1",
        "@pixi/filter-noise": "7.3.1",
        "@pixi/graphics": "7.3.1",
        "@pixi/mesh": "7.3.1",
        "@pixi/mesh-extras": "7.3.1",
        "@pixi/mixin-cache-as-bitmap": "7.3.1",
        "@pixi/mixin-get-child-by-name": "7.3.1",
        "@pixi/mixin-get-global-position": "7.3.1",
        "@pixi/particle-container": "7.3.1",
        "@pixi/prepare": "7.3.1",
        "@pixi/sprite": "7.3.1",
        "@pixi/sprite-animated": "7.3.1",
        "@pixi/sprite-tiling": "7.3.1",
        "@pixi/spritesheet": "7.3.1",
        "@pixi/text": "7.3.1",
        "@pixi/text-bitmap": "7.3.1",
        "@pixi/text-html": "7.3.1"
      }
    },
    "postcss": {
      "version": "8.4.31",
      "resolved": "https://registry.npmjs.org/postcss/-/postcss-8.4.31.tgz",
      "integrity": "sha512-PS08Iboia9mts/2ygV3eLpY5ghnUcfLV/EXTOW1E2qYxJKGGBUtNjN76FYHnMs36RmARn41bC0AZmn+rR0OVpQ==",
      "dev": true,
      "requires": {
        "nanoid": "^3.3.6",
        "picocolors": "^1.0.0",
        "source-map-js": "^1.0.2"
      }
    },
    "punycode": {
      "version": "1.4.1",
      "resolved": "https://registry.npmjs.org/punycode/-/punycode-1.4.1.tgz",
      "integrity": "sha512-jmYNElW7yvO7TV33CjSmvSiE2yco3bV2czu/OzDKdMNVZQWfxCblURLhf+47syQRBntjfLdd/H0egrzIG+oaFQ=="
    },
    "qs": {
      "version": "6.11.2",
      "resolved": "https://registry.npmjs.org/qs/-/qs-6.11.2.tgz",
      "integrity": "sha512-tDNIz22aBzCDxLtVH++VnTfzxlfeK5CbqohpSqpJgj1Wg/cQbStNAz3NuqCs5vV+pjBsK4x4pN9HlVh7rcYRiA==",
      "requires": {
        "side-channel": "^1.0.4"
      }
    },
    "rollup": {
      "version": "3.29.4",
      "resolved": "https://registry.npmjs.org/rollup/-/rollup-3.29.4.tgz",
      "integrity": "sha512-oWzmBZwvYrU0iJHtDmhsm662rC15FRXmcjCk1xD771dFDx5jJ02ufAQQTn0etB2emNk4J9EZg/yWKpsn9BWGRw==",
      "dev": true,
      "requires": {
        "fsevents": "~2.3.2"
      }
    },
    "set-function-length": {
      "version": "1.1.1",
      "resolved": "https://registry.npmjs.org/set-function-length/-/set-function-length-1.1.1.tgz",
      "integrity": "sha512-VoaqjbBJKiWtg4yRcKBQ7g7wnGnLV3M8oLvVWwOk2PdYY6PEFegR1vezXR0tw6fZGF9csVakIRjrJiy2veSBFQ==",
      "requires": {
        "define-data-property": "^1.1.1",
        "get-intrinsic": "^1.2.1",
        "gopd": "^1.0.1",
        "has-property-descriptors": "^1.0.0"
      }
    },
    "side-channel": {
      "version": "1.0.4",
      "resolved": "https://registry.npmjs.org/side-channel/-/side-channel-1.0.4.tgz",
      "integrity": "sha512-q5XPytqFEIKHkGdiMIrY10mvLRvnQh42/+GoBlFW3b2LXLE2xxJpZFdm94we0BaoV3RwJyGqg5wS7epxTv0Zvw==",
      "requires": {
        "call-bind": "^1.0.0",
        "get-intrinsic": "^1.0.2",
        "object-inspect": "^1.9.0"
      }
    },
    "source-map-js": {
      "version": "1.0.2",
      "resolved": "https://registry.npmjs.org/source-map-js/-/source-map-js-1.0.2.tgz",
      "integrity": "sha512-R0XvVJ9WusLiqTCEiGCmICCMplcCkIwwR11mOSD9CR5u+IXYdiseeEuXCVAjS54zqwkLcPNnmU4OeJ6tUrWhDw==",
      "dev": true
    },
    "typescript": {
      "version": "5.2.2",
      "dev": true
    },
    "url": {
      "version": "0.11.3",
      "resolved": "https://registry.npmjs.org/url/-/url-0.11.3.tgz",
      "integrity": "sha512-6hxOLGfZASQK/cijlZnZJTq8OXAkt/3YGfQX45vvMYXpZoo8NdWZcY73K108Jf759lS1Bv/8wXnHDTSz17dSRw==",
      "requires": {
        "punycode": "^1.4.1",
        "qs": "^6.11.2"
      }
    },
    "vite": {
      "version": "4.4.9",
      "dev": true,
      "requires": {
        "esbuild": "^0.18.10",
        "fsevents": "~2.3.2",
        "postcss": "^8.4.27",
        "rollup": "^3.27.1"
      }
    }
  }
}
